
Microsoft Visual Studio Solution File, Format Version 12.00
Project("{FAE04EC0-301F-11D3-BF4B-00C04F79EFBC}") = "Lab1", "Lab1\Lab1.csproj", "{72955DFE-6F8C-405D-9F39-C2CDAFEAB6B7}"
EndProject
Global
	GlobalSection(SolutionConfigurationPlatforms) = preSolution
		Debug|Any CPU = Debug|Any CPU
		Release|Any CPU = Release|Any CPU
	EndGlobalSection
	GlobalSection(ProjectConfigurationPlatforms) = postSolution
		{72955DFE-6F8C-405D-9F39-C2CDAFEAB6B7}.Debug|Any CPU.ActiveCfg = Debug|Any CPU
		{72955DFE-6F8C-405D-9F39-C2CDAFEAB6B7}.Debug|Any CPU.Build.0 = Debug|Any CPU
		{72955DFE-6F8C-405D-9F39-C2CDAFEAB6B7}.Release|Any CPU.ActiveCfg = Release|Any CPU
		{72955DFE-6F8C-405D-9F39-C2CDAFEAB6B7}.Release|Any CPU.Build.0 = Release|Any CPU
	EndGlobalSection
EndGlobal
