
Microsoft Visual Studio Solution File, Format Version 12.00
Project("{FAE04EC0-301F-11D3-BF4B-00C04F79EFBC}") = "Lab2", "Lab2\Lab2.csproj", "{DED6D4F7-C6E9-4604-850B-774FC253A3C8}"
EndProject
Global
	GlobalSection(SolutionConfigurationPlatforms) = preSolution
		Debug|Any CPU = Debug|Any CPU
		Release|Any CPU = Release|Any CPU
	EndGlobalSection
	GlobalSection(ProjectConfigurationPlatforms) = postSolution
		{DED6D4F7-C6E9-4604-850B-774FC253A3C8}.Debug|Any CPU.ActiveCfg = Debug|Any CPU
		{DED6D4F7-C6E9-4604-850B-774FC253A3C8}.Debug|Any CPU.Build.0 = Debug|Any CPU
		{DED6D4F7-C6E9-4604-850B-774FC253A3C8}.Release|Any CPU.ActiveCfg = Release|Any CPU
		{DED6D4F7-C6E9-4604-850B-774FC253A3C8}.Release|Any CPU.Build.0 = Release|Any CPU
	EndGlobalSection
EndGlobal
